
Microsoft Visual Studio Solution File, Format Version 12.00
# Visual Studio Version 17
VisualStudioVersion = 17.4.33213.308
MinimumVisualStudioVersion = 10.0.40219.1
Project("{9A19103F-16F7-4668-BE54-9A1E7A4F7556}") = "JsonSerialization", "JsonSerialization\JsonSerialization.csproj", "{51F655F0-A23D-4C3A-809B-9750235B4D33}"
EndProject
Global
	GlobalSection(SolutionConfigurationPlatforms) = preSolution
		Debug|Any CPU = Debug|Any CPU
		Release|Any CPU = Release|Any CPU
	EndGlobalSection
	GlobalSection(ProjectConfigurationPlatforms) = postSolution
		{51F655F0-A23D-4C3A-809B-9750235B4D33}.Debug|Any CPU.ActiveCfg = Debug|Any CPU
		{51F655F0-A23D-4C3A-809B-9750235B4D33}.Debug|Any CPU.Build.0 = Debug|Any CPU
		{51F655F0-A23D-4C3A-809B-9750235B4D33}.Release|Any CPU.ActiveCfg = Release|Any CPU
		{51F655F0-A23D-4C3A-809B-9750235B4D33}.Release|Any CPU.Build.0 = Release|Any CPU
	EndGlobalSection
	GlobalSection(SolutionProperties) = preSolution
		HideSolutionNode = FALSE
	EndGlobalSection
	GlobalSection(ExtensibilityGlobals) = postSolution
		SolutionGuid = {FD12BB85-965F-4839-A2BB-C79145E55E51}
	EndGlobalSection
EndGlobal
